// !$*UTF8*$!
{
	archiveVersion = 1;
	classes = {
	};
	objectVersion = 56;
	objects = {

/* Begin PBXBuildFile section */
		22A4BC20294C795700DBA82F /* MarioInSwiftUIApp.swift in Sources */ = {isa = PBXBuildFile; fileRef = 22A4BC1F294C795700DBA82F /* MarioInSwiftUIApp.swift */; };
		22A4BC22294C795700DBA82F /* ContentView.swift in Sources */ = {isa = PBXBuildFile; fileRef = 22A4BC21294C795700DBA82F /* ContentView.swift */; };
		22A4BC24294C795800DBA82F /* Assets.xcassets in Resources */ = {isa = PBXBuildFile; fileRef = 22A4BC23294C795800DBA82F /* Assets.xcassets */; };
		22A4BC27294C795800DBA82F /* Preview Assets.xcassets in Resources */ = {isa = PBXBuildFile; fileRef = 22A4BC26294C795800DBA82F /* Preview Assets.xcassets */; };
		22A4BC31294C795800DBA82F /* MarioInSwiftUITests.swift in Sources */ = {isa = PBXBuildFile; fileRef = 22A4BC30294C795800DBA82F /* MarioInSwiftUITests.swift */; };
		22A4BC3B294C795800DBA82F /* MarioInSwiftUIUITests.swift in Sources */ = {isa = PBXBuildFile; fileRef = 22A4BC3A294C795800DBA82F /* MarioInSwiftUIUITests.swift */; };
		22A4BC3D294C795800DBA82F /* MarioInSwiftUIUITestsLaunchTests.swift in Sources */ = {isa = PBXBuildFile; fileRef = 22A4BC3C294C795800DBA82F /* MarioInSwiftUIUITestsLaunchTests.swift */; };
/* End PBXBuildFile section */

/* Begin PBXContainerItemProxy section */
		22A4BC2D294C795800DBA82F /* PBXContainerItemProxy */ = {
			isa = PBXContainerItemProxy;
			containerPortal = 22A4BC14294C795700DBA82F /* Project object */;
			proxyType = 1;
			remoteGlobalIDString = 22A4BC1B294C795700DBA82F;
			remoteInfo = MarioInSwiftUI;
		};
		22A4BC37294C795800DBA82F /* PBXContainerItemProxy */ = {
			isa = PBXContainerItemProxy;
			containerPortal = 22A4BC14294C795700DBA82F /* Project object */;
			proxyType = 1;
			remoteGlobalIDString = 22A4BC1B294C795700DBA82F;
			remoteInfo = MarioInSwiftUI;
		};
/* End PBXContainerItemProxy section */

/* Begin PBXFileReference section */
		22A4BC1C294C795700DBA82F /* MarioInSwiftUI.app */ = {isa = PBXFileReference; explicitFileType = wrapper.application; includeInIndex = 0; path = MarioInSwiftUI.app; sourceTree = BUILT_PRODUCTS_DIR; };
		22A4BC1F294C795700DBA82F /* MarioInSwiftUIApp.swift */ = {isa = PBXFileReference; lastKnownFileType = sourcecode.swift; path = MarioInSwiftUIApp.swift; sourceTree = "<group>"; };
		22A4BC21294C795700DBA82F /* ContentView.swift */ = {isa = PBXFileReference; lastKnownFileType = sourcecode.swift; path = ContentView.swift; sourceTree = "<group>"; };
		22A4BC23294C795800DBA82F /* Assets.xcassets */ = {isa = PBXFileReference; lastKnownFileType = folder.assetcatalog; path = Assets.xcassets; sourceTree = "<group>"; };
		22A4BC26294C795800DBA82F /* Preview Assets.xcassets */ = {isa = PBXFileReference; lastKnownFileType = folder.assetcatalog; path = "Preview Assets.xcassets"; sourceTree = "<group>"; };
		22A4BC2C294C795800DBA82F /* MarioInSwiftUITests.xctest */ = {isa = PBXFileReference; explicitFileType = wrapper.cfbundle; includeInIndex = 0; path = MarioInSwiftUITests.xctest; sourceTree = BUILT_PRODUCTS_DIR; };
		22A4BC30294C795800DBA82F /* MarioInSwiftUITests.swift */ = {isa = PBXFileReference; lastKnownFileType = sourcecode.swift; path = MarioInSwiftUITests.swift; sourceTree = "<group>"; };
		22A4BC36294C795800DBA82F /* MarioInSwiftUIUITests.xctest */ = {isa = PBXFileReference; explicitFileType = wrapper.cfbundle; includeInIndex = 0; path = MarioInSwiftUIUITests.xctest; sourceTree = BUILT_PRODUCTS_DIR; };
		22A4BC3A294C795800DBA82F /* MarioInSwiftUIUITests.swift */ = {isa = PBXFileReference; lastKnownFileType = sourcecode.swift; path = MarioInSwiftUIUITests.swift; sourceTree = "<group>"; };
		22A4BC3C294C795800DBA82F /* MarioInSwiftUIUITestsLaunchTests.swift */ = {isa = PBXFileReference; lastKnownFileType = sourcecode.swift; path = MarioInSwiftUIUITestsLaunchTests.swift; sourceTree = "<group>"; };
/* End PBXFileReference section */

/* Begin PBXFrameworksBuildPhase section */
		22A4BC19294C795700DBA82F /* Frameworks */ = {
			isa = PBXFrameworksBuildPhase;
			buildActionMask = 2147483647;
			files = (
			);
			runOnlyForDeploymentPostprocessing = 0;
		};
		22A4BC29294C795800DBA82F /* Frameworks */ = {
			isa = PBXFrameworksBuildPhase;
			buildActionMask = 2147483647;
			files = (
			);
			runOnlyForDeploymentPostprocessing = 0;
		};
		22A4BC33294C795800DBA82F /* Frameworks */ = {
			isa = PBXFrameworksBuildPhase;
			buildActionMask = 2147483647;
			files = (
			);
			runOnlyForDeploymentPostprocessing = 0;
		};
/* End PBXFrameworksBuildPhase section */

/* Begin PBXGroup section */
		22A4BC13294C795700DBA82F = {
			isa = PBXGroup;
			children = (
				22A4BC1E294C795700DBA82F /* MarioInSwiftUI */,
				22A4BC2F294C795800DBA82F /* MarioInSwiftUITests */,
				22A4BC39294C795800DBA82F /* MarioInSwiftUIUITests */,
				22A4BC1D294C795700DBA82F /* Products */,
			);
			sourceTree = "<group>";
		};
		22A4BC1D294C795700DBA82F /* Products */ = {
			isa = PBXGroup;
			children = (
				22A4BC1C294C795700DBA82F /* MarioInSwiftUI.app */,
				22A4BC2C294C795800DBA82F /* MarioInSwiftUITests.xctest */,
				22A4BC36294C795800DBA82F /* MarioInSwiftUIUITests.xctest */,
			);
			name = Products;
			sourceTree = "<group>";
		};
		22A4BC1E294C795700DBA82F /* MarioInSwiftUI */ = {
			isa = PBXGroup;
			children = (
				22A4BC1F294C795700DBA82F /* MarioInSwiftUIApp.swift */,
				22A4BC21294C795700DBA82F /* ContentView.swift */,
				22A4BC23294C795800DBA82F /* Assets.xcassets */,
				22A4BC25294C795800DBA82F /* Preview Content */,
			);
			path = MarioInSwiftUI;
			sourceTree = "<group>";
		};
		22A4BC25294C795800DBA82F /* Preview Content */ = {
			isa = PBXGroup;
			children = (
				22A4BC26294C795800DBA82F /* Preview Assets.xcassets */,
			);
			path = "Preview Content";
			sourceTree = "<group>";
		};
		22A4BC2F294C795800DBA82F /* MarioInSwiftUITests */ = {
			isa = PBXGroup;
			children = (
				22A4BC30294C795800DBA82F /* MarioInSwiftUITests.swift */,
			);
			path = MarioInSwiftUITests;
			sourceTree = "<group>";
		};
		22A4BC39294C795800DBA82F /* MarioInSwiftUIUITests */ = {
			isa = PBXGroup;
			children = (
				22A4BC3A294C795800DBA82F /* MarioInSwiftUIUITests.swift */,
				22A4BC3C294C795800DBA82F /* MarioInSwiftUIUITestsLaunchTests.swift */,
			);
			path = MarioInSwiftUIUITests;
			sourceTree = "<group>";
		};
/* End PBXGroup section */

/* Begin PBXNativeTarget section */
		22A4BC1B294C795700DBA82F /* MarioInSwiftUI */ = {
			isa = PBXNativeTarget;
			buildConfigurationList = 22A4BC40294C795800DBA82F /* Build configuration list for PBXNativeTarget "MarioInSwiftUI" */;
			buildPhases = (
				22A4BC18294C795700DBA82F /* Sources */,
				22A4BC19294C795700DBA82F /* Frameworks */,
				22A4BC1A294C795700DBA82F /* Resources */,
			);
			buildRules = (
			);
			dependencies = (
			);
			name = MarioInSwiftUI;
			productName = MarioInSwiftUI;
			productReference = 22A4BC1C294C795700DBA82F /* MarioInSwiftUI.app */;
			productType = "com.apple.product-type.application";
		};
		22A4BC2B294C795800DBA82F /* MarioInSwiftUITests */ = {
			isa = PBXNativeTarget;
			buildConfigurationList = 22A4BC43294C795800DBA82F /* Build configuration list for PBXNativeTarget "MarioInSwiftUITests" */;
			buildPhases = (
				22A4BC28294C795800DBA82F /* Sources */,
				22A4BC29294C795800DBA82F /* Frameworks */,
				22A4BC2A294C795800DBA82F /* Resources */,
			);
			buildRules = (
			);
			dependencies = (
				22A4BC2E294C795800DBA82F /* PBXTargetDependency */,
			);
			name = MarioInSwiftUITests;
			productName = MarioInSwiftUITests;
			productReference = 22A4BC2C294C795800DBA82F /* MarioInSwiftUITests.xctest */;
			productType = "com.apple.product-type.bundle.unit-test";
		};
		22A4BC35294C795800DBA82F /* MarioInSwiftUIUITests */ = {
			isa = PBXNativeTarget;
			buildConfigurationList = 22A4BC46294C795800DBA82F /* Build configuration list for PBXNativeTarget "MarioInSwiftUIUITests" */;
			buildPhases = (
				22A4BC32294C795800DBA82F /* Sources */,
				22A4BC33294C795800DBA82F /* Frameworks */,
				22A4BC34294C795800DBA82F /* Resources */,
			);
			buildRules = (
			);
			dependencies = (
				22A4BC38294C795800DBA82F /* PBXTargetDependency */,
			);
			name = MarioInSwiftUIUITests;
			productName = MarioInSwiftUIUITests;
			productReference = 22A4BC36294C795800DBA82F /* MarioInSwiftUIUITests.xctest */;
			productType = "com.apple.product-type.bundle.ui-testing";
		};
/* End PBXNativeTarget section */

/* Begin PBXProject section */
		22A4BC14294C795700DBA82F /* Project object */ = {
			isa = PBXProject;
			attributes = {
				BuildIndependentTargetsInParallel = 1;
				LastSwiftUpdateCheck = 1420;
				LastUpgradeCheck = 1420;
				TargetAttributes = {
					22A4BC1B294C795700DBA82F = {
						CreatedOnToolsVersion = 14.2;
					};
					22A4BC2B294C795800DBA82F = {
						CreatedOnToolsVersion = 14.2;
						TestTargetID = 22A4BC1B294C795700DBA82F;
					};
					22A4BC35294C795800DBA82F = {
						CreatedOnToolsVersion = 14.2;
						TestTargetID = 22A4BC1B294C795700DBA82F;
					};
				};
			};
			buildConfigurationList = 22A4BC17294C795700DBA82F /* Build configuration list for PBXProject "MarioInSwiftUI" */;
			compatibilityVersion = "Xcode 14.0";
			developmentRegion = en;
			hasScannedForEncodings = 0;
			knownRegions = (
				en,
				Base,
			);
			mainGroup = 22A4BC13294C795700DBA82F;
			productRefGroup = 22A4BC1D294C795700DBA82F /* Products */;
			projectDirPath = "";
			projectRoot = "";
			targets = (
				22A4BC1B294C795700DBA82F /* MarioInSwiftUI */,
				22A4BC2B294C795800DBA82F /* MarioInSwiftUITests */,
				22A4BC35294C795800DBA82F /* MarioInSwiftUIUITests */,
			);
		};
/* End PBXProject section */

/* Begin PBXResourcesBuildPhase section */
		22A4BC1A294C795700DBA82F /* Resources */ = {
			isa = PBXResourcesBuildPhase;
			buildActionMask = 2147483647;
			files = (
				22A4BC27294C795800DBA82F /* Preview Assets.xcassets in Resources */,
				22A4BC24294C795800DBA82F /* Assets.xcassets in Resources */,
			);
			runOnlyForDeploymentPostprocessing = 0;
		};
		22A4BC2A294C795800DBA82F /* Resources */ = {
			isa = PBXResourcesBuildPhase;
			buildActionMask = 2147483647;
			files = (
			);
			runOnlyForDeploymentPostprocessing = 0;
		};
		22A4BC34294C795800DBA82F /* Resources */ = {
			isa = PBXResourcesBuildPhase;
			buildActionMask = 2147483647;
			files = (
			);
			runOnlyForDeploymentPostprocessing = 0;
		};
/* End PBXResourcesBuildPhase section */

/* Begin PBXSourcesBuildPhase section */
		22A4BC18294C795700DBA82F /* Sources */ = {
			isa = PBXSourcesBuildPhase;
			buildActionMask = 2147483647;
			files = (
				22A4BC22294C795700DBA82F /* ContentView.swift in Sources */,
				22A4BC20294C795700DBA82F /* MarioInSwiftUIApp.swift in Sources */,
			);
			runOnlyForDeploymentPostprocessing = 0;
		};
		22A4BC28294C795800DBA82F /* Sources */ = {
			isa = PBXSourcesBuildPhase;
			buildActionMask = 2147483647;
			files = (
				22A4BC31294C795800DBA82F /* MarioInSwiftUITests.swift in Sources */,
			);
			runOnlyForDeploymentPostprocessing = 0;
		};
		22A4BC32294C795800DBA82F /* Sources */ = {
			isa = PBXSourcesBuildPhase;
			buildActionMask = 2147483647;
			files = (
				22A4BC3D294C795800DBA82F /* MarioInSwiftUIUITestsLaunchTests.swift in Sources */,
				22A4BC3B294C795800DBA82F /* MarioInSwiftUIUITests.swift in Sources */,
			);
			runOnlyForDeploymentPostprocessing = 0;
		};
/* End PBXSourcesBuildPhase section */

/* Begin PBXTargetDependency section */
		22A4BC2E294C795800DBA82F /* PBXTargetDependency */ = {
			isa = PBXTargetDependency;
			target = 22A4BC1B294C795700DBA82F /* MarioInSwiftUI */;
			targetProxy = 22A4BC2D294C795800DBA82F /* PBXContainerItemProxy */;
		};
		22A4BC38294C795800DBA82F /* PBXTargetDependency */ = {
			isa = PBXTargetDependency;
			target = 22A4BC1B294C795700DBA82F /* MarioInSwiftUI */;
			targetProxy = 22A4BC37294C795800DBA82F /* PBXContainerItemProxy */;
		};
/* End PBXTargetDependency section */

/* Begin XCBuildConfiguration section */
		22A4BC3E294C795800DBA82F /* Debug */ = {
			isa = XCBuildConfiguration;
			buildSettings = {
				ALWAYS_SEARCH_USER_PATHS = NO;
				CLANG_ANALYZER_NONNULL = YES;
				CLANG_ANALYZER_NUMBER_OBJECT_CONVERSION = YES_AGGRESSIVE;
				CLANG_CXX_LANGUAGE_STANDARD = "gnu++20";
				CLANG_ENABLE_MODULES = YES;
				CLANG_ENABLE_OBJC_ARC = YES;
				CLANG_ENABLE_OBJC_WEAK = YES;
				CLANG_WARN_BLOCK_CAPTURE_AUTORELEASING = YES;
				CLANG_WARN_BOOL_CONVERSION = YES;
				CLANG_WARN_COMMA = YES;
				CLANG_WARN_CONSTANT_CONVERSION = YES;
				CLANG_WARN_DEPRECATED_OBJC_IMPLEMENTATIONS = YES;
				CLANG_WARN_DIRECT_OBJC_ISA_USAGE = YES_ERROR;
				CLANG_WARN_DOCUMENTATION_COMMENTS = YES;
				CLANG_WARN_EMPTY_BODY = YES;
				CLANG_WARN_ENUM_CONVERSION = YES;
				CLANG_WARN_INFINITE_RECURSION = YES;
				CLANG_WARN_INT_CONVERSION = YES;
				CLANG_WARN_NON_LITERAL_NULL_CONVERSION = YES;
				CLANG_WARN_OBJC_IMPLICIT_RETAIN_SELF = YES;
				CLANG_WARN_OBJC_LITERAL_CONVERSION = YES;
				CLANG_WARN_OBJC_ROOT_CLASS = YES_ERROR;
				CLANG_WARN_QUOTED_INCLUDE_IN_FRAMEWORK_HEADER = YES;
				CLANG_WARN_RANGE_LOOP_ANALYSIS = YES;
				CLANG_WARN_STRICT_PROTOTYPES = YES;
				CLANG_WARN_SUSPICIOUS_MOVE = YES;
				CLANG_WARN_UNGUARDED_AVAILABILITY = YES_AGGRESSIVE;
				CLANG_WARN_UNREACHABLE_CODE = YES;
				CLANG_WARN__DUPLICATE_METHOD_MATCH = YES;
				COPY_PHASE_STRIP = NO;
				DEBUG_INFORMATION_FORMAT = dwarf;
				ENABLE_STRICT_OBJC_MSGSEND = YES;
				ENABLE_TESTABILITY = YES;
				GCC_C_LANGUAGE_STANDARD = gnu11;
				GCC_DYNAMIC_NO_PIC = NO;
				GCC_NO_COMMON_BLOCKS = YES;
				GCC_OPTIMIZATION_LEVEL = 0;
				GCC_PREPROCESSOR_DEFINITIONS = (
					"DEBUG=1",
					"$(inherited)",
				);
				GCC_WARN_64_TO_32_BIT_CONVERSION = YES;
				GCC_WARN_ABOUT_RETURN_TYPE = YES_ERROR;
				GCC_WARN_UNDECLARED_SELECTOR = YES;
				GCC_WARN_UNINITIALIZED_AUTOS = YES_AGGRESSIVE;
				GCC_WARN_UNUSED_FUNCTION = YES;
				GCC_WARN_UNUSED_VARIABLE = YES;
				IPHONEOS_DEPLOYMENT_TARGET = 16.2;
				MTL_ENABLE_DEBUG_INFO = INCLUDE_SOURCE;
				MTL_FAST_MATH = YES;
				ONLY_ACTIVE_ARCH = YES;
				SDKROOT = iphoneos;
				SWIFT_ACTIVE_COMPILATION_CONDITIONS = DEBUG;
				SWIFT_OPTIMIZATION_LEVEL = "-Onone";
			};
			name = Debug;
		};
		22A4BC3F294C795800DBA82F /* Release */ = {
			isa = XCBuildConfiguration;
			buildSettings = {
				ALWAYS_SEARCH_USER_PATHS = NO;
				CLANG_ANALYZER_NONNULL = YES;
				CLANG_ANALYZER_NUMBER_OBJECT_CONVERSION = YES_AGGRESSIVE;
				CLANG_CXX_LANGUAGE_STANDARD = "gnu++20";
				CLANG_ENABLE_MODULES = YES;
				CLANG_ENABLE_OBJC_ARC = YES;
				CLANG_ENABLE_OBJC_WEAK = YES;
				CLANG_WARN_BLOCK_CAPTURE_AUTORELEASING = YES;
				CLANG_WARN_BOOL_CONVERSION = YES;
				CLANG_WARN_COMMA = YES;
				CLANG_WARN_CONSTANT_CONVERSION = YES;
				CLANG_WARN_DEPRECATED_OBJC_IMPLEMENTATIONS = YES;
				CLANG_WARN_DIRECT_OBJC_ISA_USAGE = YES_ERROR;
				CLANG_WARN_DOCUMENTATION_COMMENTS = YES;
				CLANG_WARN_EMPTY_BODY = YES;
				CLANG_WARN_ENUM_CONVERSION = YES;
				CLANG_WARN_INFINITE_RECURSION = YES;
				CLANG_WARN_INT_CONVERSION = YES;
				CLANG_WARN_NON_LITERAL_NULL_CONVERSION = YES;
				CLANG_WARN_OBJC_IMPLICIT_RETAIN_SELF = YES;
				CLANG_WARN_OBJC_LITERAL_CONVERSION = YES;
				CLANG_WARN_OBJC_ROOT_CLASS = YES_ERROR;
				CLANG_WARN_QUOTED_INCLUDE_IN_FRAMEWORK_HEADER = YES;
				CLANG_WARN_RANGE_LOOP_ANALYSIS = YES;
				CLANG_WARN_STRICT_PROTOTYPES = YES;
				CLANG_WARN_SUSPICIOUS_MOVE = YES;
				CLANG_WARN_UNGUARDED_AVAILABILITY = YES_AGGRESSIVE;
				CLANG_WARN_UNREACHABLE_CODE = YES;
				CLANG_WARN__DUPLICATE_METHOD_MATCH = YES;
				COPY_PHASE_STRIP = NO;
				DEBUG_INFORMATION_FORMAT = "dwarf-with-dsym";
				ENABLE_NS_ASSERTIONS = NO;
				ENABLE_STRICT_OBJC_MSGSEND = YES;
				GCC_C_LANGUAGE_STANDARD = gnu11;
				GCC_NO_COMMON_BLOCKS = YES;
				GCC_WARN_64_TO_32_BIT_CONVERSION = YES;
				GCC_WARN_ABOUT_RETURN_TYPE = YES_ERROR;
				GCC_WARN_UNDECLARED_SELECTOR = YES;
				GCC_WARN_UNINITIALIZED_AUTOS = YES_AGGRESSIVE;
				GCC_WARN_UNUSED_FUNCTION = YES;
				GCC_WARN_UNUSED_VARIABLE = YES;
				IPHONEOS_DEPLOYMENT_TARGET = 16.2;
				MTL_ENABLE_DEBUG_INFO = NO;
				MTL_FAST_MATH = YES;
				SDKROOT = iphoneos;
				SWIFT_COMPILATION_MODE = wholemodule;
				SWIFT_OPTIMIZATION_LEVEL = "-O";
				VALIDATE_PRODUCT = YES;
			};
			name = Release;
		};
		22A4BC41294C795800DBA82F /* Debug */ = {
			isa = XCBuildConfiguration;
			buildSettings = {
				ASSETCATALOG_COMPILER_APPICON_NAME = AppIcon;
				ASSETCATALOG_COMPILER_GLOBAL_ACCENT_COLOR_NAME = AccentColor;
				CODE_SIGN_STYLE = Automatic;
				CURRENT_PROJECT_VERSION = 1;
				DEVELOPMENT_ASSET_PATHS = "\"MarioInSwiftUI/Preview Content\"";
				DEVELOPMENT_TEAM = 8R7XG2SSVB;
				ENABLE_PREVIEWS = YES;
				GENERATE_INFOPLIST_FILE = YES;
				INFOPLIST_KEY_UIApplicationSceneManifest_Generation = YES;
				INFOPLIST_KEY_UIApplicationSupportsIndirectInputEvents = YES;
				INFOPLIST_KEY_UILaunchScreen_Generation = YES;
				INFOPLIST_KEY_UISupportedInterfaceOrientations_iPad = "UIInterfaceOrientationPortrait UIInterfaceOrientationPortraitUpsideDown UIInterfaceOrientationLandscapeLeft UIInterfaceOrientationLandscapeRight";
				INFOPLIST_KEY_UISupportedInterfaceOrientations_iPhone = "UIInterfaceOrientationPortrait UIInterfaceOrientationLandscapeLeft UIInterfaceOrientationLandscapeRight";
				LD_RUNPATH_SEARCH_PATHS = (
					"$(inherited)",
					"@executable_path/Frameworks",
				);
				MARKETING_VERSION = 1.0;
				PRODUCT_BUNDLE_IDENTIFIER = Syntax.MarioInSwiftUI;
				PRODUCT_NAME = "$(TARGET_NAME)";
				SWIFT_EMIT_LOC_STRINGS = YES;
				SWIFT_VERSION = 5.0;
				TARGETED_DEVICE_FAMILY = "1,2";
			};
			name = Debug;
		};
		22A4BC42294C795800DBA82F /* Release */ = {
			isa = XCBuildConfiguration;
			buildSettings = {
				ASSETCATALOG_COMPILER_APPICON_NAME = AppIcon;
				ASSETCATALOG_COMPILER_GLOBAL_ACCENT_COLOR_NAME = AccentColor;
				CODE_SIGN_STYLE = Automatic;
				CURRENT_PROJECT_VERSION = 1;
				DEVELOPMENT_ASSET_PATHS = "\"MarioInSwiftUI/Preview Content\"";
				DEVELOPMENT_TEAM = 8R7XG2SSVB;
				ENABLE_PREVIEWS = YES;
				GENERATE_INFOPLIST_FILE = YES;
				INFOPLIST_KEY_UIApplicationSceneManifest_Generation = YES;
				INFOPLIST_KEY_UIApplicationSupportsIndirectInputEvents = YES;
				INFOPLIST_KEY_UILaunchScreen_Generation = YES;
				INFOPLIST_KEY_UISupportedInterfaceOrientations_iPad = "UIInterfaceOrientationPortrait UIInterfaceOrientationPortraitUpsideDown UIInterfaceOrientationLandscapeLeft UIInterfaceOrientationLandscapeRight";
				INFOPLIST_KEY_UISupportedInterfaceOrientations_iPhone = "UIInterfaceOrientationPortrait UIInterfaceOrientationLandscapeLeft UIInterfaceOrientationLandscapeRight";
				LD_RUNPATH_SEARCH_PATHS = (
					"$(inherited)",
					"@executable_path/Frameworks",
				);
				MARKETING_VERSION = 1.0;
				PRODUCT_BUNDLE_IDENTIFIER = Syntax.MarioInSwiftUI;
				PRODUCT_NAME = "$(TARGET_NAME)";
				SWIFT_EMIT_LOC_STRINGS = YES;
				SWIFT_VERSION = 5.0;
				TARGETED_DEVICE_FAMILY = "1,2";
			};
			name = Release;
		};
		22A4BC44294C795800DBA82F /* Debug */ = {
			isa = XCBuildConfiguration;
			buildSettings = {
				ALWAYS_EMBED_SWIFT_STANDARD_LIBRARIES = YES;
				BUNDLE_LOADER = "$(TEST_HOST)";
				CODE_SIGN_STYLE = Automatic;
				CURRENT_PROJECT_VERSION = 1;
				DEVELOPMENT_TEAM = 8R7XG2SSVB;
				GENERATE_INFOPLIST_FILE = YES;
				IPHONEOS_DEPLOYMENT_TARGET = 16.2;
				MARKETING_VERSION = 1.0;
				PRODUCT_BUNDLE_IDENTIFIER = Syntax.MarioInSwiftUITests;
				PRODUCT_NAME = "$(TARGET_NAME)";
				SWIFT_EMIT_LOC_STRINGS = NO;
				SWIFT_VERSION = 5.0;
				TARGETED_DEVICE_FAMILY = "1,2";
				TEST_HOST = "$(BUILT_PRODUCTS_DIR)/MarioInSwiftUI.app/$(BUNDLE_EXECUTABLE_FOLDER_PATH)/MarioInSwiftUI";
			};
			name = Debug;
		};
		22A4BC45294C795800DBA82F /* Release */ = {
			isa = XCBuildConfiguration;
			buildSettings = {
				ALWAYS_EMBED_SWIFT_STANDARD_LIBRARIES = YES;
				BUNDLE_LOADER = "$(TEST_HOST)";
				CODE_SIGN_STYLE = Automatic;
				CURRENT_PROJECT_VERSION = 1;
				DEVELOPMENT_TEAM = 8R7XG2SSVB;
				GENERATE_INFOPLIST_FILE = YES;
				IPHONEOS_DEPLOYMENT_TARGET = 16.2;
				MARKETING_VERSION = 1.0;
				PRODUCT_BUNDLE_IDENTIFIER = Syntax.MarioInSwiftUITests;
				PRODUCT_NAME = "$(TARGET_NAME)";
				SWIFT_EMIT_LOC_STRINGS = NO;
				SWIFT_VERSION = 5.0;
				TARGETED_DEVICE_FAMILY = "1,2";
				TEST_HOST = "$(BUILT_PRODUCTS_DIR)/MarioInSwiftUI.app/$(BUNDLE_EXECUTABLE_FOLDER_PATH)/MarioInSwiftUI";
			};
			name = Release;
		};
		22A4BC47294C795800DBA82F /* Debug */ = {
			isa = XCBuildConfiguration;
			buildSettings = {
				ALWAYS_EMBED_SWIFT_STANDARD_LIBRARIES = YES;
				CODE_SIGN_STYLE = Automatic;
				CURRENT_PROJECT_VERSION = 1;
				DEVELOPMENT_TEAM = 8R7XG2SSVB;
				GENERATE_INFOPLIST_FILE = YES;
				MARKETING_VERSION = 1.0;
				PRODUCT_BUNDLE_IDENTIFIER = Syntax.MarioInSwiftUIUITests;
				PRODUCT_NAME = "$(TARGET_NAME)";
				SWIFT_EMIT_LOC_STRINGS = NO;
				SWIFT_VERSION = 5.0;
				TARGETED_DEVICE_FAMILY = "1,2";
				TEST_TARGET_NAME = MarioInSwiftUI;
			};
			name = Debug;
		};
		22A4BC48294C795800DBA82F /* Release */ = {
			isa = XCBuildConfiguration;
			buildSettings = {
				ALWAYS_EMBED_SWIFT_STANDARD_LIBRARIES = YES;
				CODE_SIGN_STYLE = Automatic;
				CURRENT_PROJECT_VERSION = 1;
				DEVELOPMENT_TEAM = 8R7XG2SSVB;
				GENERATE_INFOPLIST_FILE = YES;
				MARKETING_VERSION = 1.0;
				PRODUCT_BUNDLE_IDENTIFIER = Syntax.MarioInSwiftUIUITests;
				PRODUCT_NAME = "$(TARGET_NAME)";
				SWIFT_EMIT_LOC_STRINGS = NO;
				SWIFT_VERSION = 5.0;
				TARGETED_DEVICE_FAMILY = "1,2";
				TEST_TARGET_NAME = MarioInSwiftUI;
			};
			name = Release;
		};
/* End XCBuildConfiguration section */

/* Begin XCConfigurationList section */
		22A4BC17294C795700DBA82F /* Build configuration list for PBXProject "MarioInSwiftUI" */ = {
			isa = XCConfigurationList;
			buildConfigurations = (
				22A4BC3E294C795800DBA82F /* Debug */,
				22A4BC3F294C795800DBA82F /* Release */,
			);
			defaultConfigurationIsVisible = 0;
			defaultConfigurationName = Release;
		};
		22A4BC40294C795800DBA82F /* Build configuration list for PBXNativeTarget "MarioInSwiftUI" */ = {
			isa = XCConfigurationList;
			buildConfigurations = (
				22A4BC41294C795800DBA82F /* Debug */,
				22A4BC42294C795800DBA82F /* Release */,
			);
			defaultConfigurationIsVisible = 0;
			defaultConfigurationName = Release;
		};
		22A4BC43294C795800DBA82F /* Build configuration list for PBXNativeTarget "MarioInSwiftUITests" */ = {
			isa = XCConfigurationList;
			buildConfigurations = (
				22A4BC44294C795800DBA82F /* Debug */,
				22A4BC45294C795800DBA82F /* Release */,
			);
			defaultConfigurationIsVisible = 0;
			defaultConfigurationName = Release;
		};
		22A4BC46294C795800DBA82F /* Build configuration list for PBXNativeTarget "MarioInSwiftUIUITests" */ = {
			isa = XCConfigurationList;
			buildConfigurations = (
				22A4BC47294C795800DBA82F /* Debug */,
				22A4BC48294C795800DBA82F /* Release */,
			);
			defaultConfigurationIsVisible = 0;
			defaultConfigurationName = Release;
		};
/* End XCConfigurationList section */
	};
	rootObject = 22A4BC14294C795700DBA82F /* Project object */;
}
